<?xml version="1.0" encoding="utf-8"?>
<Project ToolsVersion="4.0" xmlns="http://schemas.microsoft.com/developer/msbuild/2003">
  <ItemGroup>
    <Filter Include="リソース ファイル">
      <UniqueIdentifier>{67DA6AB6-F800-4c08-8B7A-83BB121AAD01}</UniqueIdentifier>
      <Extensions>rc;ico;cur;bmp;dlg;rc2;rct;bin;rgs;gif;jpg;jpeg;jpe;resx;tiff;tif;png;wav;mfcribbon-ms</Extensions>
    </Filter>
    <Filter Include="LIB">
      <UniqueIdentifier>{113049ad-8f97-405e-b7fa-c2eb0d7c72af}</UniqueIdentifier>
    </Filter>
    <Filter Include="GE">
      <UniqueIdentifier>{e0294728-b669-4576-bbe8-b27e38689412}</UniqueIdentifier>
    </Filter>
    <Filter Include="MyPG">
      <UniqueIdentifier>{b647d201-8c7c-4a86-b3a0-22febd645a02}</UniqueIdentifier>
    </Filter>
    <Filter Include="LIB\DG2014">
      <UniqueIdentifier>{d7b72f2d-ce20-4a7b-a5c7-094a09309868}</UniqueIdentifier>
    </Filter>
    <Filter Include="LIB\DG2014\Mesh">
      <UniqueIdentifier>{56d93198-54a8-4d9f-9c63-bb879f760929}</UniqueIdentifier>
    </Filter>
    <Filter Include="LIB\DG2014\Base">
      <UniqueIdentifier>{ba024894-c1cb-4329-8346-bcd2aaefd671}</UniqueIdentifier>
    </Filter>
    <Filter Include="LIB\DG2014\Image">
      <UniqueIdentifier>{bf9539db-f2be-4d64-b289-6430eaa94e52}</UniqueIdentifier>
    </Filter>
    <Filter Include="LIB\DG2014\Effect">
      <UniqueIdentifier>{03445765-e85d-46d1-82ee-3157901d40fc}</UniqueIdentifier>
    </Filter>
    <Filter Include="LIB\DG2014\Font">
      <UniqueIdentifier>{b2e4e8df-22cb-4bce-98c5-89e914fb842d}</UniqueIdentifier>
    </Filter>
    <Filter Include="LIB\DG2014\Object">
      <UniqueIdentifier>{71aa57be-00e9-420b-b6f7-c1f785276368}</UniqueIdentifier>
    </Filter>
    <Filter Include="LIB\DI2014">
      <UniqueIdentifier>{5862f99e-0b18-46c5-8c66-f794bd25d4b0}</UniqueIdentifier>
    </Filter>
    <Filter Include="Game">
      <UniqueIdentifier>{42ffffda-c957-4c7c-9bbb-e6b88443d981}</UniqueIdentifier>
    </Filter>
    <Filter Include="MyPG\Tasks">
      <UniqueIdentifier>{4721d42f-e82c-4cec-9cb0-53db628948c4}</UniqueIdentifier>
    </Filter>
    <Filter Include="MyPG\Tasks\Title">
      <UniqueIdentifier>{69e1a06c-ab79-4aa9-a0b8-8b1dfc5c9fee}</UniqueIdentifier>
    </Filter>
    <Filter Include="MyPG\Tasks\Game">
      <UniqueIdentifier>{41118a37-7d7a-425a-8804-0da7241edaaa}</UniqueIdentifier>
    </Filter>
    <Filter Include="MyPG\Tasks\Ending">
      <UniqueIdentifier>{a2d26059-acd0-414f-be92-90ecc7022a75}</UniqueIdentifier>
    </Filter>
    <Filter Include="MyPG\Tasks\Map">
      <UniqueIdentifier>{f83c3445-5da6-4fa2-a3d4-94c5cafe239c}</UniqueIdentifier>
    </Filter>
    <Filter Include="MyPG\Tasks\Player">
      <UniqueIdentifier>{9afd9e58-e344-4fdf-8e11-7e3a1bc8fd89}</UniqueIdentifier>
    </Filter>
    <Filter Include="MyPG\Tasks\Effect">
      <UniqueIdentifier>{83595905-2bef-4b58-bde3-bbf67c54289b}</UniqueIdentifier>
    </Filter>
    <Filter Include="MyPG\Tasks\Shot">
      <UniqueIdentifier>{65104f7f-9c38-432a-bdab-7aa7666432f1}</UniqueIdentifier>
    </Filter>
    <Filter Include="MyPG\Tasks\Start">
      <UniqueIdentifier>{9a346589-f678-4ff4-ab1b-b430288a4e77}</UniqueIdentifier>
    </Filter>
    <Filter Include="MyPG\Tasks\Goal">
      <UniqueIdentifier>{3947efe5-a54b-4205-a1a3-d3f02e13e46d}</UniqueIdentifier>
    </Filter>
    <Filter Include="MyPG\Tasks\Effect01">
      <UniqueIdentifier>{23560953-a590-4b1b-8022-4f1bcc15ada0}</UniqueIdentifier>
    </Filter>
    <Filter Include="MyPG\Tasks\Enemy00">
      <UniqueIdentifier>{7656aa1f-06e6-41f0-9c7f-e821b3588a29}</UniqueIdentifier>
    </Filter>
    <Filter Include="MyPG\Tasks\Enemy01">
      <UniqueIdentifier>{1caf744a-0e8a-4efe-aa46-cf4c325d032a}</UniqueIdentifier>
    </Filter>
    <Filter Include="MyPG\Tasks\Effect02">
      <UniqueIdentifier>{041af684-2970-4acb-9d1e-a954805b4bf8}</UniqueIdentifier>
    </Filter>
    <Filter Include="MyPG\Tasks\Enemy02">
      <UniqueIdentifier>{140954a3-ec73-403b-b99b-83cd931ec387}</UniqueIdentifier>
    </Filter>
    <Filter Include="MyPG\Tasks\Effect03">
      <UniqueIdentifier>{5ab8585e-8210-433d-81e5-2948e2b3f956}</UniqueIdentifier>
    </Filter>
    <Filter Include="MyPG\Tasks\Enemy03">
      <UniqueIdentifier>{cfbf6aef-905e-4ee0-8b9d-e392129c833e}</UniqueIdentifier>
    </Filter>
    <Filter Include="MyPG\Tasks\Effect04">
      <UniqueIdentifier>{a389ebc8-9eaa-416a-af85-c01d5c8a3f95}</UniqueIdentifier>
    </Filter>
    <Filter Include="MyPG\Tasks\Explain">
      <UniqueIdentifier>{ba2c30f7-0546-4063-a8fc-f772bda23bd8}</UniqueIdentifier>
    </Filter>
    <Filter Include="MyPG\Tasks\Effect05">
      <UniqueIdentifier>{cb9ba0c5-6e4e-4385-8637-38a8c96df289}</UniqueIdentifier>
    </Filter>
    <Filter Include="MyPG\Tasks\Enemy04">
      <UniqueIdentifier>{66962b3e-3b70-4a7c-8292-a5a3febdfb63}</UniqueIdentifier>
    </Filter>
    <Filter Include="MyPG\Tasks\Shot01">
      <UniqueIdentifier>{510193fa-4f04-430d-bf86-ac617abe5a31}</UniqueIdentifier>
    </Filter>
    <Filter Include="MyPG\Tasks\Effect06">
      <UniqueIdentifier>{c183a84a-9f9b-475e-800c-39720614d165}</UniqueIdentifier>
    </Filter>
    <Filter Include="MyPG\Tasks\Effect07">
      <UniqueIdentifier>{9e175285-b070-406f-8c0c-f98a9a77558a}</UniqueIdentifier>
    </Filter>
    <Filter Include="MyPG\Tasks\Effect08">
      <UniqueIdentifier>{adf3ec0d-9d60-47d8-94f3-cc2e19b0583c}</UniqueIdentifier>
    </Filter>
    <Filter Include="MyPG\Tasks\BChara">
      <UniqueIdentifier>{3eec4e54-e8b9-4de9-99c1-47461885b209}</UniqueIdentifier>
    </Filter>
    <Filter Include="MyPG\Tasks\BObject">
      <UniqueIdentifier>{3d62ab04-b396-42ba-a79f-6f8d14e74006}</UniqueIdentifier>
    </Filter>
    <Filter Include="MyPG\Tasks\BEffect">
      <UniqueIdentifier>{01c00f67-561c-4933-ab4e-57db78983005}</UniqueIdentifier>
    </Filter>
    <Filter Include="MyPG\Tasks\HighScore">
      <UniqueIdentifier>{9f22bc42-be01-4faa-ba39-fa4fef54a0ac}</UniqueIdentifier>
    </Filter>
    <Filter Include="MyPG\Tasks\Effect09">
      <UniqueIdentifier>{87001f68-f9c4-473a-a7e5-495f53182e6f}</UniqueIdentifier>
    </Filter>
    <Filter Include="MyPG\Tasks\Effect10">
      <UniqueIdentifier>{a062e6bc-4c52-4b37-a0c4-f161944ee820}</UniqueIdentifier>
    </Filter>
    <Filter Include="MyPG\Tasks\Effect11">
      <UniqueIdentifier>{510bb884-2a66-4903-9aa8-a2d7f0a56143}</UniqueIdentifier>
    </Filter>
    <Filter Include="MyPG\Tasks\EnemyTask">
      <UniqueIdentifier>{050d00ff-9bfd-453f-8862-ca3549f0cf6d}</UniqueIdentifier>
    </Filter>
    <Filter Include="MyPG\Tasks\EnemyTask\EnemyManager">
      <UniqueIdentifier>{20956442-373d-4def-bc3b-432808c95cb7}</UniqueIdentifier>
    </Filter>
    <Filter Include="MyPG\Tasks\ImageFont">
      <UniqueIdentifier>{00e15111-3933-4412-b3da-5fcd1621e04b}</UniqueIdentifier>
    </Filter>
    <Filter Include="MyPG\Tasks\Gage">
      <UniqueIdentifier>{98ac8225-665f-49fb-b2de-b560c7edf694}</UniqueIdentifier>
    </Filter>
  </ItemGroup>
  <ItemGroup>
    <ClCompile Include="myLib.cpp">
      <Filter>LIB</Filter>
    </ClCompile>
    <ClCompile Include="DG2014\DG2014_Mesh.cpp">
      <Filter>LIB\DG2014\Mesh</Filter>
    </ClCompile>
    <ClCompile Include="DG2014\DG2014_Texture.cpp">
      <Filter>LIB\DG2014\Image</Filter>
    </ClCompile>
    <ClCompile Include="DG2014\DG2014_VertexBuffer.cpp">
      <Filter>LIB\DG2014\Base</Filter>
    </ClCompile>
    <ClCompile Include="DG2014\DG2014_VertexContainer.cpp">
      <Filter>LIB\DG2014\Base</Filter>
    </ClCompile>
    <ClCompile Include="DG2014\DG2014_IndexBuffer.cpp">
      <Filter>LIB\DG2014\Base</Filter>
    </ClCompile>
    <ClCompile Include="DG2014\DG2014_InputLayout.cpp">
      <Filter>LIB\DG2014\Base</Filter>
    </ClCompile>
    <ClCompile Include="DG2014\DG2014_Image.cpp">
      <Filter>LIB\DG2014\Image</Filter>
    </ClCompile>
    <ClCompile Include="DG2014\DG2014_Effect.cpp">
      <Filter>LIB\DG2014\Effect</Filter>
    </ClCompile>
    <ClCompile Include="DG2014\DG2014_Font.cpp">
      <Filter>LIB\DG2014\Font</Filter>
    </ClCompile>
    <ClCompile Include="DG2014\DG2014_DGObject.cpp">
      <Filter>LIB\DG2014\Object</Filter>
    </ClCompile>
    <ClCompile Include="DG2014\DG2014_MeshSOBFile.cpp">
      <Filter>LIB\DG2014\Mesh</Filter>
    </ClCompile>
    <ClCompile Include="xnacollision.cpp">
      <Filter>LIB</Filter>
    </ClCompile>
    <ClCompile Include="WinMain.cpp">
      <Filter>MyPG</Filter>
    </ClCompile>
    <ClCompile Include="MyPG.cpp">
      <Filter>MyPG</Filter>
    </ClCompile>
    <ClCompile Include="DG2014\DG2014_Ver3_51.cpp">
      <Filter>LIB\DG2014</Filter>
    </ClCompile>
    <ClCompile Include="DI2014_Ver3_4.cpp">
      <Filter>LIB\DI2014</Filter>
    </ClCompile>
    <ClCompile Include="GameEngine_Ver3_7.cpp">
      <Filter>GE</Filter>
    </ClCompile>
    <ClCompile Include="Task_Title.cpp">
      <Filter>MyPG\Tasks\Title</Filter>
    </ClCompile>
    <ClCompile Include="Task_Game.cpp">
      <Filter>MyPG\Tasks\Game</Filter>
    </ClCompile>
    <ClCompile Include="Task_Ending.cpp">
      <Filter>MyPG\Tasks\Ending</Filter>
    </ClCompile>
    <ClCompile Include="Task_Map2D.cpp">
      <Filter>MyPG\Tasks\Map</Filter>
    </ClCompile>
    <ClCompile Include="Task_Player.cpp">
      <Filter>MyPG\Tasks\Player</Filter>
    </ClCompile>
    <ClCompile Include="Task_Effect00.cpp">
      <Filter>MyPG\Tasks\Effect</Filter>
    </ClCompile>
    <ClCompile Include="Task_Shot00.cpp">
      <Filter>MyPG\Tasks\Shot</Filter>
    </ClCompile>
    <ClCompile Include="Task_Start.cpp">
      <Filter>MyPG\Tasks\Start</Filter>
    </ClCompile>
    <ClCompile Include="Task_Goal.cpp">
      <Filter>MyPG\Tasks\Goal</Filter>
    </ClCompile>
    <ClCompile Include="Task_Effect01.cpp">
      <Filter>MyPG\Tasks\Effect01</Filter>
    </ClCompile>
    <ClCompile Include="Task_Enemy00.cpp">
      <Filter>MyPG\Tasks\Enemy00</Filter>
    </ClCompile>
    <ClCompile Include="Task_Enemy01.cpp">
      <Filter>MyPG\Tasks\Enemy01</Filter>
    </ClCompile>
    <ClCompile Include="Task_Effect02.cpp">
      <Filter>MyPG\Tasks\Effect02</Filter>
    </ClCompile>
    <ClCompile Include="Task_Enemy02.cpp">
      <Filter>MyPG\Tasks\Enemy02</Filter>
    </ClCompile>
    <ClCompile Include="Task_Effect03.cpp">
      <Filter>MyPG\Tasks\Effect03</Filter>
    </ClCompile>
    <ClCompile Include="Task_Enemy03.cpp">
      <Filter>MyPG\Tasks\Enemy03</Filter>
    </ClCompile>
    <ClCompile Include="Task_Effect04.cpp">
      <Filter>MyPG\Tasks\Effect04</Filter>
    </ClCompile>
    <ClCompile Include="Task_Explain.cpp">
      <Filter>MyPG\Tasks\Explain</Filter>
    </ClCompile>
    <ClCompile Include="Task_Effect05.cpp">
      <Filter>MyPG\Tasks\Effect05</Filter>
    </ClCompile>
    <ClCompile Include="Task_Enemy04.cpp">
      <Filter>MyPG\Tasks\Enemy04</Filter>
    </ClCompile>
    <ClCompile Include="Task_Shot01.cpp">
      <Filter>MyPG\Tasks\Shot01</Filter>
    </ClCompile>
    <ClCompile Include="Task_Effect06.cpp">
      <Filter>MyPG\Tasks\Effect06</Filter>
    </ClCompile>
    <ClCompile Include="Task_Effect07.cpp">
      <Filter>MyPG\Tasks\Effect07</Filter>
    </ClCompile>
    <ClCompile Include="Task_Effect08.cpp">
      <Filter>MyPG\Tasks\Effect08</Filter>
    </ClCompile>
    <ClCompile Include="BChara.cpp">
      <Filter>MyPG\Tasks\BChara</Filter>
    </ClCompile>
    <ClCompile Include="BObject.cpp">
      <Filter>MyPG\Tasks\BObject</Filter>
    </ClCompile>
    <ClCompile Include="BEffect.cpp">
      <Filter>MyPG\Tasks\BEffect</Filter>
    </ClCompile>
    <ClCompile Include="Task_HighScore.cpp">
      <Filter>MyPG\Tasks\HighScore</Filter>
    </ClCompile>
    <ClCompile Include="Task_Effect09.cpp">
      <Filter>MyPG\Tasks\Effect09</Filter>
    </ClCompile>
    <ClCompile Include="Task_Effect10.cpp">
      <Filter>MyPG\Tasks\Effect10</Filter>
    </ClCompile>
    <ClCompile Include="Task_Effect11.cpp">
      <Filter>MyPG\Tasks\Effect11</Filter>
    </ClCompile>
    <ClCompile Include="src\EnemyTask\EnemyManager\Task_EnemyManager.cpp">
      <Filter>MyPG\Tasks\EnemyTask\EnemyManager</Filter>
    </ClCompile>
    <ClCompile Include="src\ImageFont\ImageFont.cpp">
      <Filter>MyPG\Tasks\ImageFont</Filter>
    </ClCompile>
    <ClCompile Include="src\Gage\Gage.cpp">
      <Filter>MyPG\Tasks\Gage</Filter>
    </ClCompile>
  </ItemGroup>
  <ItemGroup>
    <ClInclude Include="myLib.h">
      <Filter>LIB</Filter>
    </ClInclude>
    <ClInclude Include="EFile.h">
      <Filter>LIB</Filter>
    </ClInclude>
    <ClInclude Include="DG2014\DG2014_Mesh.h">
      <Filter>LIB\DG2014\Mesh</Filter>
    </ClInclude>
    <ClInclude Include="DG2014\DG2014_Texture.h">
      <Filter>LIB\DG2014\Image</Filter>
    </ClInclude>
    <ClInclude Include="DG2014\DG2014_VertexBuffer.h">
      <Filter>LIB\DG2014\Base</Filter>
    </ClInclude>
    <ClInclude Include="DG2014\DG2014_VertexContainer.h">
      <Filter>LIB\DG2014\Base</Filter>
    </ClInclude>
    <ClInclude Include="DG2014\DG2014_IndexBuffer.h">
      <Filter>LIB\DG2014\Base</Filter>
    </ClInclude>
    <ClInclude Include="DG2014\DG2014_InputLayout.h">
      <Filter>LIB\DG2014\Base</Filter>
    </ClInclude>
    <ClInclude Include="DG2014\DG2014_Image.h">
      <Filter>LIB\DG2014\Image</Filter>
    </ClInclude>
    <ClInclude Include="DG2014\DG2014_Effect.h">
      <Filter>LIB\DG2014\Effect</Filter>
    </ClInclude>
    <ClInclude Include="DG2014\DG2014_Font.h">
      <Filter>LIB\DG2014\Font</Filter>
    </ClInclude>
    <ClInclude Include="DG2014\DG2014_DGObject.h">
      <Filter>LIB\DG2014\Object</Filter>
    </ClInclude>
    <ClInclude Include="xnacollision.h">
      <Filter>LIB</Filter>
    </ClInclude>
    <ClInclude Include="MyPG.h">
      <Filter>MyPG</Filter>
    </ClInclude>
    <ClInclude Include="DG2014\DG2014_Ver3_51.h">
      <Filter>LIB\DG2014</Filter>
    </ClInclude>
    <ClInclude Include="DI2014_Ver3_4.h">
      <Filter>LIB\DI2014</Filter>
    </ClInclude>
    <ClInclude Include="GameEngine_Ver3_7.h">
      <Filter>GE</Filter>
    </ClInclude>
    <ClInclude Include="Task_Title.h">
      <Filter>MyPG\Tasks\Title</Filter>
    </ClInclude>
    <ClInclude Include="Task_Game.h">
      <Filter>MyPG\Tasks\Game</Filter>
    </ClInclude>
    <ClInclude Include="Task_Ending.h">
      <Filter>MyPG\Tasks\Ending</Filter>
    </ClInclude>
    <ClInclude Include="Task_Map2D.h">
      <Filter>MyPG\Tasks\Map</Filter>
    </ClInclude>
    <ClInclude Include="Task_Player.h">
      <Filter>MyPG\Tasks\Player</Filter>
    </ClInclude>
    <ClInclude Include="Task_Effect00.h">
      <Filter>MyPG\Tasks\Effect</Filter>
    </ClInclude>
    <ClInclude Include="Task_Shot00.h">
      <Filter>MyPG\Tasks\Shot</Filter>
    </ClInclude>
    <ClInclude Include="Task_Start.h">
      <Filter>MyPG\Tasks\Start</Filter>
    </ClInclude>
    <ClInclude Include="Task_Goal.h">
      <Filter>MyPG\Tasks\Goal</Filter>
    </ClInclude>
    <ClInclude Include="Task_Effect01.h">
      <Filter>MyPG\Tasks\Effect01</Filter>
    </ClInclude>
    <ClInclude Include="Task_Enemy00.h">
      <Filter>MyPG\Tasks\Enemy00</Filter>
    </ClInclude>
    <ClInclude Include="Task_Enemy01.h">
      <Filter>MyPG\Tasks\Enemy01</Filter>
    </ClInclude>
    <ClInclude Include="Task_Effect02.h">
      <Filter>MyPG\Tasks\Effect02</Filter>
    </ClInclude>
    <ClInclude Include="Task_Enemy02.h">
      <Filter>MyPG\Tasks\Enemy02</Filter>
    </ClInclude>
    <ClInclude Include="Task_Effect03.h">
      <Filter>MyPG\Tasks\Effect03</Filter>
    </ClInclude>
    <ClInclude Include="Task_Enemy03.h">
      <Filter>MyPG\Tasks\Enemy03</Filter>
    </ClInclude>
    <ClInclude Include="Task_Effect04.h">
      <Filter>MyPG\Tasks\Effect04</Filter>
    </ClInclude>
    <ClInclude Include="Task_Explain.h">
      <Filter>MyPG\Tasks\Explain</Filter>
    </ClInclude>
    <ClInclude Include="Task_Effect05.h">
      <Filter>MyPG\Tasks\Effect05</Filter>
    </ClInclude>
    <ClInclude Include="Task_Enemy04.h">
      <Filter>MyPG\Tasks\Enemy04</Filter>
    </ClInclude>
    <ClInclude Include="Task_Shot01.h">
      <Filter>MyPG\Tasks\Shot01</Filter>
    </ClInclude>
    <ClInclude Include="Task_Effect06.h">
      <Filter>MyPG\Tasks\Effect06</Filter>
    </ClInclude>
    <ClInclude Include="Task_Effect07.h">
      <Filter>MyPG\Tasks\Effect07</Filter>
    </ClInclude>
    <ClInclude Include="Task_Effect08.h">
      <Filter>MyPG\Tasks\Effect08</Filter>
    </ClInclude>
    <ClInclude Include="BChara.h">
      <Filter>MyPG\Tasks\BChara</Filter>
    </ClInclude>
    <ClInclude Include="BObject.h">
      <Filter>MyPG\Tasks\BObject</Filter>
    </ClInclude>
    <ClInclude Include="BEffect.h">
      <Filter>MyPG\Tasks\BEffect</Filter>
    </ClInclude>
    <ClInclude Include="Task_HighScore.h">
      <Filter>MyPG\Tasks\HighScore</Filter>
    </ClInclude>
    <ClInclude Include="Task_Effect09.h">
      <Filter>MyPG\Tasks\Effect09</Filter>
    </ClInclude>
    <ClInclude Include="Task_Effect10.h">
      <Filter>MyPG\Tasks\Effect10</Filter>
    </ClInclude>
    <ClInclude Include="Task_Effect11.h">
      <Filter>MyPG\Tasks\Effect11</Filter>
    </ClInclude>
    <ClInclude Include="src\EnemyTask\EnemyManager\Task_EnemyManager.h">
      <Filter>MyPG\Tasks\EnemyTask\EnemyManager</Filter>
    </ClInclude>
    <ClInclude Include="src\ImageFont\ImageFont.h">
      <Filter>MyPG\Tasks\ImageFont</Filter>
    </ClInclude>
    <ClInclude Include="src\Gage\Gage.h">
      <Filter>MyPG\Tasks\Gage</Filter>
    </ClInclude>
  </ItemGroup>
  <ItemGroup>
    <None Include="data\Shader\MyStdShader.fx" />
  </ItemGroup>
</Project>